
Microsoft Visual Studio Solution File, Format Version 12.00
# Visual Studio Version 17
VisualStudioVersion = 17.10.35027.167
MinimumVisualStudioVersion = 10.0.40219.1
Project("{9A19103F-16F7-4668-BE54-9A1E7A4F7556}") = "DataStructure.ObjectReferences", "DataStructure.ObjectReferences\DataStructure.ObjectReferences.csproj", "{B47EA222-3075-4DB3-9E4A-53E1B2434286}"
EndProject
Project("{9A19103F-16F7-4668-BE54-9A1E7A4F7556}") = "DataStructure.LinkedList", "DataStructure.LinkedList\DataStructure.LinkedList.csproj", "{2C08F07C-5B96-401B-BF1D-DFC4E3698B23}"
EndProject
Project("{9A19103F-16F7-4668-BE54-9A1E7A4F7556}") = "DataStructure.DoublyLinkedList", "DataStructure.DoublyLinkedList\DataStructure.DoublyLinkedList.csproj", "{125E7549-53C8-4F7B-8FD8-A9C9FCBE2243}"
EndProject
Project("{9A19103F-16F7-4668-BE54-9A1E7A4F7556}") = "DataStructure.Stacks", "DataStructure.Stack\DataStructure.Stacks.csproj", "{FA76C455-28F7-458F-8FD1-F7493C38A206}"
EndProject
Project("{9A19103F-16F7-4668-BE54-9A1E7A4F7556}") = "DataStructure.Queues", "DataStructure.Queues\DataStructure.Queues.csproj", "{9EEAC603-BA87-48E0-8671-4551BC95A73E}"
EndProject
Project("{9A19103F-16F7-4668-BE54-9A1E7A4F7556}") = "DataStructure.BSTTrees", "DataStructure.BSTTrees\DataStructure.BSTTrees.csproj", "{94346B9B-00D6-4719-A051-CE01958CF054}"
EndProject
Project("{9A19103F-16F7-4668-BE54-9A1E7A4F7556}") = "DataStructure.Graphs", "DataStructure.Graphs\DataStructure.Graphs.csproj", "{48FECC7F-4FEE-45F9-AE57-592295FDF921}"
EndProject
Project("{FAE04EC0-301F-11D3-BF4B-00C04F79EFBC}") = "DataStructure.FluentBuilderDesignPattern", "DataStructure.FluentBuilderDesignPattern\DataStructure.FluentBuilderDesignPattern.csproj", "{98FD5697-BBB2-4B61-AD79-6CA0CD40B967}"
EndProject
Global
	GlobalSection(SolutionConfigurationPlatforms) = preSolution
		Debug|Any CPU = Debug|Any CPU
		Release|Any CPU = Release|Any CPU
	EndGlobalSection
	GlobalSection(ProjectConfigurationPlatforms) = postSolution
		{B47EA222-3075-4DB3-9E4A-53E1B2434286}.Debug|Any CPU.ActiveCfg = Debug|Any CPU
		{B47EA222-3075-4DB3-9E4A-53E1B2434286}.Debug|Any CPU.Build.0 = Debug|Any CPU
		{B47EA222-3075-4DB3-9E4A-53E1B2434286}.Release|Any CPU.ActiveCfg = Release|Any CPU
		{B47EA222-3075-4DB3-9E4A-53E1B2434286}.Release|Any CPU.Build.0 = Release|Any CPU
		{2C08F07C-5B96-401B-BF1D-DFC4E3698B23}.Debug|Any CPU.ActiveCfg = Debug|Any CPU
		{2C08F07C-5B96-401B-BF1D-DFC4E3698B23}.Debug|Any CPU.Build.0 = Debug|Any CPU
		{2C08F07C-5B96-401B-BF1D-DFC4E3698B23}.Release|Any CPU.ActiveCfg = Release|Any CPU
		{2C08F07C-5B96-401B-BF1D-DFC4E3698B23}.Release|Any CPU.Build.0 = Release|Any CPU
		{125E7549-53C8-4F7B-8FD8-A9C9FCBE2243}.Debug|Any CPU.ActiveCfg = Debug|Any CPU
		{125E7549-53C8-4F7B-8FD8-A9C9FCBE2243}.Debug|Any CPU.Build.0 = Debug|Any CPU
		{125E7549-53C8-4F7B-8FD8-A9C9FCBE2243}.Release|Any CPU.ActiveCfg = Release|Any CPU
		{125E7549-53C8-4F7B-8FD8-A9C9FCBE2243}.Release|Any CPU.Build.0 = Release|Any CPU
		{FA76C455-28F7-458F-8FD1-F7493C38A206}.Debug|Any CPU.ActiveCfg = Debug|Any CPU
		{FA76C455-28F7-458F-8FD1-F7493C38A206}.Debug|Any CPU.Build.0 = Debug|Any CPU
		{FA76C455-28F7-458F-8FD1-F7493C38A206}.Release|Any CPU.ActiveCfg = Release|Any CPU
		{FA76C455-28F7-458F-8FD1-F7493C38A206}.Release|Any CPU.Build.0 = Release|Any CPU
		{9EEAC603-BA87-48E0-8671-4551BC95A73E}.Debug|Any CPU.ActiveCfg = Debug|Any CPU
		{9EEAC603-BA87-48E0-8671-4551BC95A73E}.Debug|Any CPU.Build.0 = Debug|Any CPU
		{9EEAC603-BA87-48E0-8671-4551BC95A73E}.Release|Any CPU.ActiveCfg = Release|Any CPU
		{9EEAC603-BA87-48E0-8671-4551BC95A73E}.Release|Any CPU.Build.0 = Release|Any CPU
		{94346B9B-00D6-4719-A051-CE01958CF054}.Debug|Any CPU.ActiveCfg = Debug|Any CPU
		{94346B9B-00D6-4719-A051-CE01958CF054}.Debug|Any CPU.Build.0 = Debug|Any CPU
		{94346B9B-00D6-4719-A051-CE01958CF054}.Release|Any CPU.ActiveCfg = Release|Any CPU
		{94346B9B-00D6-4719-A051-CE01958CF054}.Release|Any CPU.Build.0 = Release|Any CPU
		{48FECC7F-4FEE-45F9-AE57-592295FDF921}.Debug|Any CPU.ActiveCfg = Debug|Any CPU
		{48FECC7F-4FEE-45F9-AE57-592295FDF921}.Debug|Any CPU.Build.0 = Debug|Any CPU
		{48FECC7F-4FEE-45F9-AE57-592295FDF921}.Release|Any CPU.ActiveCfg = Release|Any CPU
		{48FECC7F-4FEE-45F9-AE57-592295FDF921}.Release|Any CPU.Build.0 = Release|Any CPU
		{98FD5697-BBB2-4B61-AD79-6CA0CD40B967}.Debug|Any CPU.ActiveCfg = Debug|Any CPU
		{98FD5697-BBB2-4B61-AD79-6CA0CD40B967}.Debug|Any CPU.Build.0 = Debug|Any CPU
		{98FD5697-BBB2-4B61-AD79-6CA0CD40B967}.Release|Any CPU.ActiveCfg = Release|Any CPU
		{98FD5697-BBB2-4B61-AD79-6CA0CD40B967}.Release|Any CPU.Build.0 = Release|Any CPU
	EndGlobalSection
	GlobalSection(SolutionProperties) = preSolution
		HideSolutionNode = FALSE
	EndGlobalSection
	GlobalSection(ExtensibilityGlobals) = postSolution
		SolutionGuid = {930AE334-0C87-4221-A3AC-8005A1F094D1}
	EndGlobalSection
EndGlobal
